
Microsoft Visual Studio Solution File, Format Version 12.00
# Visual Studio Version 17
VisualStudioVersion = 17.0.31903.59
MinimumVisualStudioVersion = 10.0.40219.1
Project("{2150E333-8FDC-42A3-9474-1A3956D46DE8}") = "src", "src", "{827E0CD3-B72D-47B6-A68D-7590B98EB39B}"
EndProject
Project("{FAE04EC0-301F-11D3-BF4B-00C04F79EFBC}") = "MyAnalyzers", "src\MyAnalyzers\MyAnalyzers.csproj", "{C0FEE4ED-838C-4F43-A336-8CE9D7C40AFA}"
EndProject
Project("{2150E333-8FDC-42A3-9474-1A3956D46DE8}") = "tests", "tests", "{0AB3BF05-4346-4AA6-1389-037BE0695223}"
EndProject
Project("{FAE04EC0-301F-11D3-BF4B-00C04F79EFBC}") = "MyAnalyzers.Tests", "tests\MyAnalyzers.Tests\MyAnalyzers.Tests.csproj", "{FFAF8E99-813C-4E21-8302-504F37C0989D}"
EndProject
Global
	GlobalSection(SolutionConfigurationPlatforms) = preSolution
		Debug|Any CPU = Debug|Any CPU
		Debug|x64 = Debug|x64
		Debug|x86 = Debug|x86
		Release|Any CPU = Release|Any CPU
		Release|x64 = Release|x64
		Release|x86 = Release|x86
	EndGlobalSection
	GlobalSection(ProjectConfigurationPlatforms) = postSolution
		{C0FEE4ED-838C-4F43-A336-8CE9D7C40AFA}.Debug|Any CPU.ActiveCfg = Debug|Any CPU
		{C0FEE4ED-838C-4F43-A336-8CE9D7C40AFA}.Debug|Any CPU.Build.0 = Debug|Any CPU
		{C0FEE4ED-838C-4F43-A336-8CE9D7C40AFA}.Debug|x64.ActiveCfg = Debug|Any CPU
		{C0FEE4ED-838C-4F43-A336-8CE9D7C40AFA}.Debug|x64.Build.0 = Debug|Any CPU
		{C0FEE4ED-838C-4F43-A336-8CE9D7C40AFA}.Debug|x86.ActiveCfg = Debug|Any CPU
		{C0FEE4ED-838C-4F43-A336-8CE9D7C40AFA}.Debug|x86.Build.0 = Debug|Any CPU
		{C0FEE4ED-838C-4F43-A336-8CE9D7C40AFA}.Release|Any CPU.ActiveCfg = Release|Any CPU
		{C0FEE4ED-838C-4F43-A336-8CE9D7C40AFA}.Release|Any CPU.Build.0 = Release|Any CPU
		{C0FEE4ED-838C-4F43-A336-8CE9D7C40AFA}.Release|x64.ActiveCfg = Release|Any CPU
		{C0FEE4ED-838C-4F43-A336-8CE9D7C40AFA}.Release|x64.Build.0 = Release|Any CPU
		{C0FEE4ED-838C-4F43-A336-8CE9D7C40AFA}.Release|x86.ActiveCfg = Release|Any CPU
		{C0FEE4ED-838C-4F43-A336-8CE9D7C40AFA}.Release|x86.Build.0 = Release|Any CPU
		{FFAF8E99-813C-4E21-8302-504F37C0989D}.Debug|Any CPU.ActiveCfg = Debug|Any CPU
		{FFAF8E99-813C-4E21-8302-504F37C0989D}.Debug|Any CPU.Build.0 = Debug|Any CPU
		{FFAF8E99-813C-4E21-8302-504F37C0989D}.Debug|x64.ActiveCfg = Debug|Any CPU
		{FFAF8E99-813C-4E21-8302-504F37C0989D}.Debug|x64.Build.0 = Debug|Any CPU
		{FFAF8E99-813C-4E21-8302-504F37C0989D}.Debug|x86.ActiveCfg = Debug|Any CPU
		{FFAF8E99-813C-4E21-8302-504F37C0989D}.Debug|x86.Build.0 = Debug|Any CPU
		{FFAF8E99-813C-4E21-8302-504F37C0989D}.Release|Any CPU.ActiveCfg = Release|Any CPU
		{FFAF8E99-813C-4E21-8302-504F37C0989D}.Release|Any CPU.Build.0 = Release|Any CPU
		{FFAF8E99-813C-4E21-8302-504F37C0989D}.Release|x64.ActiveCfg = Release|Any CPU
		{FFAF8E99-813C-4E21-8302-504F37C0989D}.Release|x64.Build.0 = Release|Any CPU
		{FFAF8E99-813C-4E21-8302-504F37C0989D}.Release|x86.ActiveCfg = Release|Any CPU
		{FFAF8E99-813C-4E21-8302-504F37C0989D}.Release|x86.Build.0 = Release|Any CPU
	EndGlobalSection
	GlobalSection(SolutionProperties) = preSolution
		HideSolutionNode = FALSE
	EndGlobalSection
	GlobalSection(NestedProjects) = preSolution
		{C0FEE4ED-838C-4F43-A336-8CE9D7C40AFA} = {827E0CD3-B72D-47B6-A68D-7590B98EB39B}
		{FFAF8E99-813C-4E21-8302-504F37C0989D} = {0AB3BF05-4346-4AA6-1389-037BE0695223}
	EndGlobalSection
EndGlobal
